// !$*UTF8*$!
{
	archiveVersion = 1;
	classes = {
	};
	objectVersion = 56;
	objects = {

/* Begin PBXBuildFile section */
		3085C43029CDFDD100DB89C6 /* BurgerMeApp.swift in Sources */ = {isa = PBXBuildFile; fileRef = 3085C42F29CDFDD100DB89C6 /* BurgerMeApp.swift */; };
		3085C43229CDFDD100DB89C6 /* ContentView.swift in Sources */ = {isa = PBXBuildFile; fileRef = 3085C43129CDFDD100DB89C6 /* ContentView.swift */; };
		3085C43429CDFDD300DB89C6 /* Assets.xcassets in Resources */ = {isa = PBXBuildFile; fileRef = 3085C43329CDFDD300DB89C6 /* Assets.xcassets */; };
		3085C43729CDFDD300DB89C6 /* Preview Assets.xcassets in Resources */ = {isa = PBXBuildFile; fileRef = 3085C43629CDFDD300DB89C6 /* Preview Assets.xcassets */; };
		3085C43E29CDFDFD00DB89C6 /* Home.swift in Sources */ = {isa = PBXBuildFile; fileRef = 3085C43D29CDFDFD00DB89C6 /* Home.swift */; };
		3085C44229CE003700DB89C6 /* FoodCardView.swift in Sources */ = {isa = PBXBuildFile; fileRef = 3085C44129CE003700DB89C6 /* FoodCardView.swift */; };
		3085C44529CE0C0F00DB89C6 /* SDWebImageSwiftUI in Frameworks */ = {isa = PBXBuildFile; productRef = 3085C44429CE0C0F00DB89C6 /* SDWebImageSwiftUI */; };
		30B6FE9E29CEF6BE0071EF11 /* FoodModel.swift in Sources */ = {isa = PBXBuildFile; fileRef = 30B6FE9D29CEF6BE0071EF11 /* FoodModel.swift */; };
		30B6FEA029CEF7690071EF11 /* FoodViewModel.swift in Sources */ = {isa = PBXBuildFile; fileRef = 30B6FE9F29CEF7690071EF11 /* FoodViewModel.swift */; };
		30B6FEA729CF01080071EF11 /* food_data.json in Resources */ = {isa = PBXBuildFile; fileRef = 30B6FEA629CF01080071EF11 /* food_data.json */; };
		30B6FEA929CF02D00071EF11 /* LoadJsonError.swift in Sources */ = {isa = PBXBuildFile; fileRef = 30B6FEA829CF02D00071EF11 /* LoadJsonError.swift */; };
/* End PBXBuildFile section */

/* Begin PBXFileReference section */
		3085C42C29CDFDD100DB89C6 /* BurgerMe.app */ = {isa = PBXFileReference; explicitFileType = wrapper.application; includeInIndex = 0; path = BurgerMe.app; sourceTree = BUILT_PRODUCTS_DIR; };
		3085C42F29CDFDD100DB89C6 /* BurgerMeApp.swift */ = {isa = PBXFileReference; lastKnownFileType = sourcecode.swift; path = BurgerMeApp.swift; sourceTree = "<group>"; };
		3085C43129CDFDD100DB89C6 /* ContentView.swift */ = {isa = PBXFileReference; lastKnownFileType = sourcecode.swift; path = ContentView.swift; sourceTree = "<group>"; };
		3085C43329CDFDD300DB89C6 /* Assets.xcassets */ = {isa = PBXFileReference; lastKnownFileType = folder.assetcatalog; path = Assets.xcassets; sourceTree = "<group>"; };
		3085C43629CDFDD300DB89C6 /* Preview Assets.xcassets */ = {isa = PBXFileReference; lastKnownFileType = folder.assetcatalog; path = "Preview Assets.xcassets"; sourceTree = "<group>"; };
		3085C43D29CDFDFD00DB89C6 /* Home.swift */ = {isa = PBXFileReference; lastKnownFileType = sourcecode.swift; path = Home.swift; sourceTree = "<group>"; };
		3085C44129CE003700DB89C6 /* FoodCardView.swift */ = {isa = PBXFileReference; lastKnownFileType = sourcecode.swift; path = FoodCardView.swift; sourceTree = "<group>"; };
		30B6FE9D29CEF6BE0071EF11 /* FoodModel.swift */ = {isa = PBXFileReference; lastKnownFileType = sourcecode.swift; path = FoodModel.swift; sourceTree = "<group>"; };
		30B6FE9F29CEF7690071EF11 /* FoodViewModel.swift */ = {isa = PBXFileReference; lastKnownFileType = sourcecode.swift; path = FoodViewModel.swift; sourceTree = "<group>"; };
		30B6FEA629CF01080071EF11 /* food_data.json */ = {isa = PBXFileReference; fileEncoding = 4; lastKnownFileType = text.json; path = food_data.json; sourceTree = "<group>"; };
		30B6FEA829CF02D00071EF11 /* LoadJsonError.swift */ = {isa = PBXFileReference; lastKnownFileType = sourcecode.swift; path = LoadJsonError.swift; sourceTree = "<group>"; };
		30B6FEAA29CF03FA0071EF11 /* Info.plist */ = {isa = PBXFileReference; lastKnownFileType = text.plist; path = Info.plist; sourceTree = "<group>"; };
/* End PBXFileReference section */

/* Begin PBXFrameworksBuildPhase section */
		3085C42929CDFDD100DB89C6 /* Frameworks */ = {
			isa = PBXFrameworksBuildPhase;
			buildActionMask = 2147483647;
			files = (
				3085C44529CE0C0F00DB89C6 /* SDWebImageSwiftUI in Frameworks */,
			);
			runOnlyForDeploymentPostprocessing = 0;
		};
/* End PBXFrameworksBuildPhase section */

/* Begin PBXGroup section */
		3085C42329CDFDD100DB89C6 = {
			isa = PBXGroup;
			children = (
				3085C42E29CDFDD100DB89C6 /* BurgerMe */,
				3085C42D29CDFDD100DB89C6 /* Products */,
			);
			sourceTree = "<group>";
		};
		3085C42D29CDFDD100DB89C6 /* Products */ = {
			isa = PBXGroup;
			children = (
				3085C42C29CDFDD100DB89C6 /* BurgerMe.app */,
			);
			name = Products;
			sourceTree = "<group>";
		};
		3085C42E29CDFDD100DB89C6 /* BurgerMe */ = {
			isa = PBXGroup;
			children = (
				30B6FEAA29CF03FA0071EF11 /* Info.plist */,
				30B6FEA629CF01080071EF11 /* food_data.json */,
				3085C44029CDFE2000DB89C6 /* Model */,
				30B6FE9C29CEF6B20071EF11 /* ViewModel */,
				3085C43F29CDFE1B00DB89C6 /* View */,
				3085C42F29CDFDD100DB89C6 /* BurgerMeApp.swift */,
				3085C43129CDFDD100DB89C6 /* ContentView.swift */,
				3085C43329CDFDD300DB89C6 /* Assets.xcassets */,
				3085C43529CDFDD300DB89C6 /* Preview Content */,
			);
			path = BurgerMe;
			sourceTree = "<group>";
		};
		3085C43529CDFDD300DB89C6 /* Preview Content */ = {
			isa = PBXGroup;
			children = (
				3085C43629CDFDD300DB89C6 /* Preview Assets.xcassets */,
			);
			path = "Preview Content";
			sourceTree = "<group>";
		};
		3085C43F29CDFE1B00DB89C6 /* View */ = {
			isa = PBXGroup;
			children = (
				3085C43D29CDFDFD00DB89C6 /* Home.swift */,
				3085C44129CE003700DB89C6 /* FoodCardView.swift */,
			);
			path = View;
			sourceTree = "<group>";
		};
		3085C44029CDFE2000DB89C6 /* Model */ = {
			isa = PBXGroup;
			children = (
				30B6FE9D29CEF6BE0071EF11 /* FoodModel.swift */,
				30B6FEA829CF02D00071EF11 /* LoadJsonError.swift */,
			);
			path = Model;
			sourceTree = "<group>";
		};
		30B6FE9C29CEF6B20071EF11 /* ViewModel */ = {
			isa = PBXGroup;
			children = (
				30B6FE9F29CEF7690071EF11 /* FoodViewModel.swift */,
			);
			path = ViewModel;
			sourceTree = "<group>";
		};
/* End PBXGroup section */

/* Begin PBXNativeTarget section */
		3085C42B29CDFDD100DB89C6 /* BurgerMe */ = {
			isa = PBXNativeTarget;
			buildConfigurationList = 3085C43A29CDFDD300DB89C6 /* Build configuration list for PBXNativeTarget "BurgerMe" */;
			buildPhases = (
				3085C42829CDFDD100DB89C6 /* Sources */,
				3085C42929CDFDD100DB89C6 /* Frameworks */,
				3085C42A29CDFDD100DB89C6 /* Resources */,
			);
			buildRules = (
			);
			dependencies = (
			);
			name = BurgerMe;
			packageProductDependencies = (
				3085C44429CE0C0F00DB89C6 /* SDWebImageSwiftUI */,
			);
			productName = BurgerMe;
			productReference = 3085C42C29CDFDD100DB89C6 /* BurgerMe.app */;
			productType = "com.apple.product-type.application";
		};
/* End PBXNativeTarget section */

/* Begin PBXProject section */
		3085C42429CDFDD100DB89C6 /* Project object */ = {
			isa = PBXProject;
			attributes = {
				BuildIndependentTargetsInParallel = 1;
				LastSwiftUpdateCheck = 1420;
				LastUpgradeCheck = 1420;
				TargetAttributes = {
					3085C42B29CDFDD100DB89C6 = {
						CreatedOnToolsVersion = 14.2;
					};
				};
			};
			buildConfigurationList = 3085C42729CDFDD100DB89C6 /* Build configuration list for PBXProject "BurgerMe" */;
			compatibilityVersion = "Xcode 14.0";
			developmentRegion = en;
			hasScannedForEncodings = 0;
			knownRegions = (
				en,
				Base,
			);
			mainGroup = 3085C42329CDFDD100DB89C6;
			packageReferences = (
				3085C44329CE0C0F00DB89C6 /* XCRemoteSwiftPackageReference "SDWebImageSwiftUI" */,
			);
			productRefGroup = 3085C42D29CDFDD100DB89C6 /* Products */;
			projectDirPath = "";
			projectRoot = "";
			targets = (
				3085C42B29CDFDD100DB89C6 /* BurgerMe */,
			);
		};
/* End PBXProject section */

/* Begin PBXResourcesBuildPhase section */
		3085C42A29CDFDD100DB89C6 /* Resources */ = {
			isa = PBXResourcesBuildPhase;
			buildActionMask = 2147483647;
			files = (
				30B6FEA729CF01080071EF11 /* food_data.json in Resources */,
				3085C43729CDFDD300DB89C6 /* Preview Assets.xcassets in Resources */,
				3085C43429CDFDD300DB89C6 /* Assets.xcassets in Resources */,
			);
			runOnlyForDeploymentPostprocessing = 0;
		};
/* End PBXResourcesBuildPhase section */

/* Begin PBXSourcesBuildPhase section */
		3085C42829CDFDD100DB89C6 /* Sources */ = {
			isa = PBXSourcesBuildPhase;
			buildActionMask = 2147483647;
			files = (
				30B6FE9E29CEF6BE0071EF11 /* FoodModel.swift in Sources */,
				30B6FEA929CF02D00071EF11 /* LoadJsonError.swift in Sources */,
				3085C43229CDFDD100DB89C6 /* ContentView.swift in Sources */,
				30B6FEA029CEF7690071EF11 /* FoodViewModel.swift in Sources */,
				3085C43E29CDFDFD00DB89C6 /* Home.swift in Sources */,
				3085C44229CE003700DB89C6 /* FoodCardView.swift in Sources */,
				3085C43029CDFDD100DB89C6 /* BurgerMeApp.swift in Sources */,
			);
			runOnlyForDeploymentPostprocessing = 0;
		};
/* End PBXSourcesBuildPhase section */

/* Begin XCBuildConfiguration section */
		3085C43829CDFDD300DB89C6 /* Debug */ = {
			isa = XCBuildConfiguration;
			buildSettings = {
				ALWAYS_SEARCH_USER_PATHS = NO;
				CLANG_ANALYZER_NONNULL = YES;
				CLANG_ANALYZER_NUMBER_OBJECT_CONVERSION = YES_AGGRESSIVE;
				CLANG_CXX_LANGUAGE_STANDARD = "gnu++20";
				CLANG_ENABLE_MODULES = YES;
				CLANG_ENABLE_OBJC_ARC = YES;
				CLANG_ENABLE_OBJC_WEAK = YES;
				CLANG_WARN_BLOCK_CAPTURE_AUTORELEASING = YES;
				CLANG_WARN_BOOL_CONVERSION = YES;
				CLANG_WARN_COMMA = YES;
				CLANG_WARN_CONSTANT_CONVERSION = YES;
				CLANG_WARN_DEPRECATED_OBJC_IMPLEMENTATIONS = YES;
				CLANG_WARN_DIRECT_OBJC_ISA_USAGE = YES_ERROR;
				CLANG_WARN_DOCUMENTATION_COMMENTS = YES;
				CLANG_WARN_EMPTY_BODY = YES;
				CLANG_WARN_ENUM_CONVERSION = YES;
				CLANG_WARN_INFINITE_RECURSION = YES;
				CLANG_WARN_INT_CONVERSION = YES;
				CLANG_WARN_NON_LITERAL_NULL_CONVERSION = YES;
				CLANG_WARN_OBJC_IMPLICIT_RETAIN_SELF = YES;
				CLANG_WARN_OBJC_LITERAL_CONVERSION = YES;
				CLANG_WARN_OBJC_ROOT_CLASS = YES_ERROR;
				CLANG_WARN_QUOTED_INCLUDE_IN_FRAMEWORK_HEADER = YES;
				CLANG_WARN_RANGE_LOOP_ANALYSIS = YES;
				CLANG_WARN_STRICT_PROTOTYPES = YES;
				CLANG_WARN_SUSPICIOUS_MOVE = YES;
				CLANG_WARN_UNGUARDED_AVAILABILITY = YES_AGGRESSIVE;
				CLANG_WARN_UNREACHABLE_CODE = YES;
				CLANG_WARN__DUPLICATE_METHOD_MATCH = YES;
				COPY_PHASE_STRIP = NO;
				DEBUG_INFORMATION_FORMAT = dwarf;
				ENABLE_STRICT_OBJC_MSGSEND = YES;
				ENABLE_TESTABILITY = YES;
				GCC_C_LANGUAGE_STANDARD = gnu11;
				GCC_DYNAMIC_NO_PIC = NO;
				GCC_NO_COMMON_BLOCKS = YES;
				GCC_OPTIMIZATION_LEVEL = 0;
				GCC_PREPROCESSOR_DEFINITIONS = (
					"DEBUG=1",
					"$(inherited)",
				);
				GCC_WARN_64_TO_32_BIT_CONVERSION = YES;
				GCC_WARN_ABOUT_RETURN_TYPE = YES_ERROR;
				GCC_WARN_UNDECLARED_SELECTOR = YES;
				GCC_WARN_UNINITIALIZED_AUTOS = YES_AGGRESSIVE;
				GCC_WARN_UNUSED_FUNCTION = YES;
				GCC_WARN_UNUSED_VARIABLE = YES;
				IPHONEOS_DEPLOYMENT_TARGET = 16.2;
				MTL_ENABLE_DEBUG_INFO = INCLUDE_SOURCE;
				MTL_FAST_MATH = YES;
				ONLY_ACTIVE_ARCH = YES;
				SDKROOT = iphoneos;
				SWIFT_ACTIVE_COMPILATION_CONDITIONS = DEBUG;
				SWIFT_OPTIMIZATION_LEVEL = "-Onone";
			};
			name = Debug;
		};
		3085C43929CDFDD300DB89C6 /* Release */ = {
			isa = XCBuildConfiguration;
			buildSettings = {
				ALWAYS_SEARCH_USER_PATHS = NO;
				CLANG_ANALYZER_NONNULL = YES;
				CLANG_ANALYZER_NUMBER_OBJECT_CONVERSION = YES_AGGRESSIVE;
				CLANG_CXX_LANGUAGE_STANDARD = "gnu++20";
				CLANG_ENABLE_MODULES = YES;
				CLANG_ENABLE_OBJC_ARC = YES;
				CLANG_ENABLE_OBJC_WEAK = YES;
				CLANG_WARN_BLOCK_CAPTURE_AUTORELEASING = YES;
				CLANG_WARN_BOOL_CONVERSION = YES;
				CLANG_WARN_COMMA = YES;
				CLANG_WARN_CONSTANT_CONVERSION = YES;
				CLANG_WARN_DEPRECATED_OBJC_IMPLEMENTATIONS = YES;
				CLANG_WARN_DIRECT_OBJC_ISA_USAGE = YES_ERROR;
				CLANG_WARN_DOCUMENTATION_COMMENTS = YES;
				CLANG_WARN_EMPTY_BODY = YES;
				CLANG_WARN_ENUM_CONVERSION = YES;
				CLANG_WARN_INFINITE_RECURSION = YES;
				CLANG_WARN_INT_CONVERSION = YES;
				CLANG_WARN_NON_LITERAL_NULL_CONVERSION = YES;
				CLANG_WARN_OBJC_IMPLICIT_RETAIN_SELF = YES;
				CLANG_WARN_OBJC_LITERAL_CONVERSION = YES;
				CLANG_WARN_OBJC_ROOT_CLASS = YES_ERROR;
				CLANG_WARN_QUOTED_INCLUDE_IN_FRAMEWORK_HEADER = YES;
				CLANG_WARN_RANGE_LOOP_ANALYSIS = YES;
				CLANG_WARN_STRICT_PROTOTYPES = YES;
				CLANG_WARN_SUSPICIOUS_MOVE = YES;
				CLANG_WARN_UNGUARDED_AVAILABILITY = YES_AGGRESSIVE;
				CLANG_WARN_UNREACHABLE_CODE = YES;
				CLANG_WARN__DUPLICATE_METHOD_MATCH = YES;
				COPY_PHASE_STRIP = NO;
				DEBUG_INFORMATION_FORMAT = "dwarf-with-dsym";
				ENABLE_NS_ASSERTIONS = NO;
				ENABLE_STRICT_OBJC_MSGSEND = YES;
				GCC_C_LANGUAGE_STANDARD = gnu11;
				GCC_NO_COMMON_BLOCKS = YES;
				GCC_WARN_64_TO_32_BIT_CONVERSION = YES;
				GCC_WARN_ABOUT_RETURN_TYPE = YES_ERROR;
				GCC_WARN_UNDECLARED_SELECTOR = YES;
				GCC_WARN_UNINITIALIZED_AUTOS = YES_AGGRESSIVE;
				GCC_WARN_UNUSED_FUNCTION = YES;
				GCC_WARN_UNUSED_VARIABLE = YES;
				IPHONEOS_DEPLOYMENT_TARGET = 16.2;
				MTL_ENABLE_DEBUG_INFO = NO;
				MTL_FAST_MATH = YES;
				SDKROOT = iphoneos;
				SWIFT_COMPILATION_MODE = wholemodule;
				SWIFT_OPTIMIZATION_LEVEL = "-O";
				VALIDATE_PRODUCT = YES;
			};
			name = Release;
		};
		3085C43B29CDFDD300DB89C6 /* Debug */ = {
			isa = XCBuildConfiguration;
			buildSettings = {
				ASSETCATALOG_COMPILER_APPICON_NAME = AppIcon;
				ASSETCATALOG_COMPILER_GLOBAL_ACCENT_COLOR_NAME = AccentColor;
				CODE_SIGN_STYLE = Automatic;
				CURRENT_PROJECT_VERSION = 1;
				DEVELOPMENT_ASSET_PATHS = "\"BurgerMe/Preview Content\"";
				DEVELOPMENT_TEAM = 6W4YD5KNPW;
				ENABLE_PREVIEWS = YES;
				GENERATE_INFOPLIST_FILE = YES;
				INFOPLIST_FILE = BurgerMe/Info.plist;
				INFOPLIST_KEY_UIApplicationSupportsIndirectInputEvents = YES;
				INFOPLIST_KEY_UILaunchScreen_Generation = YES;
				INFOPLIST_KEY_UISupportedInterfaceOrientations_iPad = "UIInterfaceOrientationPortrait UIInterfaceOrientationPortraitUpsideDown UIInterfaceOrientationLandscapeLeft UIInterfaceOrientationLandscapeRight";
				INFOPLIST_KEY_UISupportedInterfaceOrientations_iPhone = "UIInterfaceOrientationPortrait UIInterfaceOrientationLandscapeLeft UIInterfaceOrientationLandscapeRight";
				LD_RUNPATH_SEARCH_PATHS = (
					"$(inherited)",
					"@executable_path/Frameworks",
				);
				MARKETING_VERSION = 1.0;
				PRODUCT_BUNDLE_IDENTIFIER = com.jamesthang.BurgerMe;
				PRODUCT_NAME = "$(TARGET_NAME)";
				SWIFT_EMIT_LOC_STRINGS = YES;
				SWIFT_VERSION = 5.0;
				TARGETED_DEVICE_FAMILY = "1,2";
			};
			name = Debug;
		};
		3085C43C29CDFDD300DB89C6 /* Release */ = {
			isa = XCBuildConfiguration;
			buildSettings = {
				ASSETCATALOG_COMPILER_APPICON_NAME = AppIcon;
				ASSETCATALOG_COMPILER_GLOBAL_ACCENT_COLOR_NAME = AccentColor;
				CODE_SIGN_STYLE = Automatic;
				CURRENT_PROJECT_VERSION = 1;
				DEVELOPMENT_ASSET_PATHS = "\"BurgerMe/Preview Content\"";
				DEVELOPMENT_TEAM = 6W4YD5KNPW;
				ENABLE_PREVIEWS = YES;
				GENERATE_INFOPLIST_FILE = YES;
				INFOPLIST_FILE = BurgerMe/Info.plist;
				INFOPLIST_KEY_UIApplicationSupportsIndirectInputEvents = YES;
				INFOPLIST_KEY_UILaunchScreen_Generation = YES;
				INFOPLIST_KEY_UISupportedInterfaceOrientations_iPad = "UIInterfaceOrientationPortrait UIInterfaceOrientationPortraitUpsideDown UIInterfaceOrientationLandscapeLeft UIInterfaceOrientationLandscapeRight";
				INFOPLIST_KEY_UISupportedInterfaceOrientations_iPhone = "UIInterfaceOrientationPortrait UIInterfaceOrientationLandscapeLeft UIInterfaceOrientationLandscapeRight";
				LD_RUNPATH_SEARCH_PATHS = (
					"$(inherited)",
					"@executable_path/Frameworks",
				);
				MARKETING_VERSION = 1.0;
				PRODUCT_BUNDLE_IDENTIFIER = com.jamesthang.BurgerMe;
				PRODUCT_NAME = "$(TARGET_NAME)";
				SWIFT_EMIT_LOC_STRINGS = YES;
				SWIFT_VERSION = 5.0;
				TARGETED_DEVICE_FAMILY = "1,2";
			};
			name = Release;
		};
/* End XCBuildConfiguration section */

/* Begin XCConfigurationList section */
		3085C42729CDFDD100DB89C6 /* Build configuration list for PBXProject "BurgerMe" */ = {
			isa = XCConfigurationList;
			buildConfigurations = (
				3085C43829CDFDD300DB89C6 /* Debug */,
				3085C43929CDFDD300DB89C6 /* Release */,
			);
			defaultConfigurationIsVisible = 0;
			defaultConfigurationName = Release;
		};
		3085C43A29CDFDD300DB89C6 /* Build configuration list for PBXNativeTarget "BurgerMe" */ = {
			isa = XCConfigurationList;
			buildConfigurations = (
				3085C43B29CDFDD300DB89C6 /* Debug */,
				3085C43C29CDFDD300DB89C6 /* Release */,
			);
			defaultConfigurationIsVisible = 0;
			defaultConfigurationName = Release;
		};
/* End XCConfigurationList section */

/* Begin XCRemoteSwiftPackageReference section */
		3085C44329CE0C0F00DB89C6 /* XCRemoteSwiftPackageReference "SDWebImageSwiftUI" */ = {
			isa = XCRemoteSwiftPackageReference;
			repositoryURL = "https://github.com/SDWebImage/SDWebImageSwiftUI";
			requirement = {
				kind = upToNextMajorVersion;
				minimumVersion = 2.0.0;
			};
		};
/* End XCRemoteSwiftPackageReference section */

/* Begin XCSwiftPackageProductDependency section */
		3085C44429CE0C0F00DB89C6 /* SDWebImageSwiftUI */ = {
			isa = XCSwiftPackageProductDependency;
			package = 3085C44329CE0C0F00DB89C6 /* XCRemoteSwiftPackageReference "SDWebImageSwiftUI" */;
			productName = SDWebImageSwiftUI;
		};
/* End XCSwiftPackageProductDependency section */
	};
	rootObject = 3085C42429CDFDD100DB89C6 /* Project object */;
}
